
Microsoft Visual Studio Solution File, Format Version 12.00
# Visual Studio Version 17
VisualStudioVersion = 17.7.34018.315
MinimumVisualStudioVersion = 10.0.40219.1
Project("{FAE04EC0-301F-11D3-BF4B-00C04F79EFBC}") = "ConsoleApp1", "ConsoleApp1\ConsoleApp1.csproj", "{D7AF88A3-8A6E-4F08-BF42-209F32878405}"
EndProject
Global
	GlobalSection(SolutionConfigurationPlatforms) = preSolution
		Debug|Any CPU = Debug|Any CPU
		Release|Any CPU = Release|Any CPU
	EndGlobalSection
	GlobalSection(ProjectConfigurationPlatforms) = postSolution
		{D7AF88A3-8A6E-4F08-BF42-209F32878405}.Debug|Any CPU.ActiveCfg = Debug|Any CPU
		{D7AF88A3-8A6E-4F08-BF42-209F32878405}.Debug|Any CPU.Build.0 = Debug|Any CPU
		{D7AF88A3-8A6E-4F08-BF42-209F32878405}.Release|Any CPU.ActiveCfg = Release|Any CPU
		{D7AF88A3-8A6E-4F08-BF42-209F32878405}.Release|Any CPU.Build.0 = Release|Any CPU
	EndGlobalSection
	GlobalSection(SolutionProperties) = preSolution
		HideSolutionNode = FALSE
	EndGlobalSection
	GlobalSection(ExtensibilityGlobals) = postSolution
		SolutionGuid = {3817DF77-A30D-4C73-9880-E1B4F9A08D2A}
	EndGlobalSection
EndGlobal
